// !$*UTF8*$!
{
	archiveVersion = 1;
	classes = {
	};
	objectVersion = 46;
	objects = {

/* Begin PBXBuildFile section */
		2B2EEDFC1DD0A6F800951EFA /* LBCollectionViewController.swift in Sources */ = {isa = PBXBuildFile; fileRef = 2B2EEDFB1DD0A6F800951EFA /* LBCollectionViewController.swift */; };
		2B2EEDFE1DD0A71000951EFA /* LBCollectionViewCell.swift in Sources */ = {isa = PBXBuildFile; fileRef = 2B2EEDFD1DD0A71000951EFA /* LBCollectionViewCell.swift */; };
		2B2EEE001DD0A77F00951EFA /* LBCollectionViewFlowLayout.swift in Sources */ = {isa = PBXBuildFile; fileRef = 2B2EEDFF1DD0A77F00951EFA /* LBCollectionViewFlowLayout.swift */; };
		2B2EEE021DD0A86300951EFA /* LBCommon.swift in Sources */ = {isa = PBXBuildFile; fileRef = 2B2EEE011DD0A86300951EFA /* LBCommon.swift */; };
		2B2EEE041DD0AC0800951EFA /* LBImage.swift in Sources */ = {isa = PBXBuildFile; fileRef = 2B2EEE031DD0AC0800951EFA /* LBImage.swift */; };
		2BF1B5A51DCF5E0500817251 /* AppDelegate.swift in Sources */ = {isa = PBXBuildFile; fileRef = 2BF1B5A41DCF5E0500817251 /* AppDelegate.swift */; };
		2BF1B5AA1DCF5E0500817251 /* Main.storyboard in Resources */ = {isa = PBXBuildFile; fileRef = 2BF1B5A81DCF5E0500817251 /* Main.storyboard */; };
		2BF1B5AC1DCF5E0500817251 /* Assets.xcassets in Resources */ = {isa = PBXBuildFile; fileRef = 2BF1B5AB1DCF5E0500817251 /* Assets.xcassets */; };
		2BF1B5AF1DCF5E0500817251 /* LaunchScreen.storyboard in Resources */ = {isa = PBXBuildFile; fileRef = 2BF1B5AD1DCF5E0500817251 /* LaunchScreen.storyboard */; };
		7F5A06F82171BCD1576D945A /* Pods_SeeBeauty.framework in Frameworks */ = {isa = PBXBuildFile; fileRef = 4EF849B1FF83E349CAE7E14E /* Pods_SeeBeauty.framework */; };
/* End PBXBuildFile section */

/* Begin PBXFileReference section */
		2B2EEDFB1DD0A6F800951EFA /* LBCollectionViewController.swift */ = {isa = PBXFileReference; fileEncoding = 4; lastKnownFileType = sourcecode.swift; path = LBCollectionViewController.swift; sourceTree = "<group>"; };
		2B2EEDFD1DD0A71000951EFA /* LBCollectionViewCell.swift */ = {isa = PBXFileReference; fileEncoding = 4; lastKnownFileType = sourcecode.swift; path = LBCollectionViewCell.swift; sourceTree = "<group>"; };
		2B2EEDFF1DD0A77F00951EFA /* LBCollectionViewFlowLayout.swift */ = {isa = PBXFileReference; fileEncoding = 4; lastKnownFileType = sourcecode.swift; path = LBCollectionViewFlowLayout.swift; sourceTree = "<group>"; };
		2B2EEE011DD0A86300951EFA /* LBCommon.swift */ = {isa = PBXFileReference; fileEncoding = 4; lastKnownFileType = sourcecode.swift; path = LBCommon.swift; sourceTree = "<group>"; };
		2B2EEE031DD0AC0800951EFA /* LBImage.swift */ = {isa = PBXFileReference; fileEncoding = 4; lastKnownFileType = sourcecode.swift; path = LBImage.swift; sourceTree = "<group>"; };
		2B2EEE051DD0B90A00951EFA /* Bridging-Header.h */ = {isa = PBXFileReference; lastKnownFileType = sourcecode.c.h; path = "Bridging-Header.h"; sourceTree = "<group>"; };
		2BF1B5A11DCF5E0500817251 /* SeeBeauty.app */ = {isa = PBXFileReference; explicitFileType = wrapper.application; includeInIndex = 0; path = SeeBeauty.app; sourceTree = BUILT_PRODUCTS_DIR; };
		2BF1B5A41DCF5E0500817251 /* AppDelegate.swift */ = {isa = PBXFileReference; lastKnownFileType = sourcecode.swift; path = AppDelegate.swift; sourceTree = "<group>"; };
		2BF1B5A91DCF5E0500817251 /* Base */ = {isa = PBXFileReference; lastKnownFileType = file.storyboard; name = Base; path = Base.lproj/Main.storyboard; sourceTree = "<group>"; };
		2BF1B5AB1DCF5E0500817251 /* Assets.xcassets */ = {isa = PBXFileReference; lastKnownFileType = folder.assetcatalog; path = Assets.xcassets; sourceTree = "<group>"; };
		2BF1B5AE1DCF5E0500817251 /* Base */ = {isa = PBXFileReference; lastKnownFileType = file.storyboard; name = Base; path = Base.lproj/LaunchScreen.storyboard; sourceTree = "<group>"; };
		2BF1B5B01DCF5E0500817251 /* Info.plist */ = {isa = PBXFileReference; lastKnownFileType = text.plist.xml; path = Info.plist; sourceTree = "<group>"; };
		2BF1B5B61DCF61B000817251 /* Kingfisher.framework */ = {isa = PBXFileReference; lastKnownFileType = wrapper.framework; name = Kingfisher.framework; path = "../../../../Library/Developer/Xcode/DerivedData/SeeBeauty-ftzmgndvqpxfgbbhuquxsugxormf/Build/Products/Debug-iphonesimulator/Kingfisher/Kingfisher.framework"; sourceTree = "<group>"; };
		2BF1B5B81DCF623500817251 /* Alamofire.framework */ = {isa = PBXFileReference; lastKnownFileType = wrapper.framework; name = Alamofire.framework; path = "../../../../Library/Developer/Xcode/DerivedData/SeeBeauty-ftzmgndvqpxfgbbhuquxsugxormf/Build/Products/Debug-iphonesimulator/Alamofire/Alamofire.framework"; sourceTree = "<group>"; };
		4EF849B1FF83E349CAE7E14E /* Pods_SeeBeauty.framework */ = {isa = PBXFileReference; explicitFileType = wrapper.framework; includeInIndex = 0; path = Pods_SeeBeauty.framework; sourceTree = BUILT_PRODUCTS_DIR; };
		B5559F801CA56FEC84FF0B6F /* Pods-SeeBeauty.release.xcconfig */ = {isa = PBXFileReference; includeInIndex = 1; lastKnownFileType = text.xcconfig; name = "Pods-SeeBeauty.release.xcconfig"; path = "Pods/Target Support Files/Pods-SeeBeauty/Pods-SeeBeauty.release.xcconfig"; sourceTree = "<group>"; };
		F5980B53A30DFD1E465441A9 /* Pods-SeeBeauty.debug.xcconfig */ = {isa = PBXFileReference; includeInIndex = 1; lastKnownFileType = text.xcconfig; name = "Pods-SeeBeauty.debug.xcconfig"; path = "Pods/Target Support Files/Pods-SeeBeauty/Pods-SeeBeauty.debug.xcconfig"; sourceTree = "<group>"; };
/* End PBXFileReference section */

/* Begin PBXFrameworksBuildPhase section */
		2BF1B59E1DCF5E0500817251 /* Frameworks */ = {
			isa = PBXFrameworksBuildPhase;
			buildActionMask = 2147483647;
			files = (
				7F5A06F82171BCD1576D945A /* Pods_SeeBeauty.framework in Frameworks */,
			);
			runOnlyForDeploymentPostprocessing = 0;
		};
/* End PBXFrameworksBuildPhase section */

/* Begin PBXGroup section */
		2BF1B5981DCF5E0500817251 = {
			isa = PBXGroup;
			children = (
				2BF1B5A31DCF5E0500817251 /* SeeBeauty */,
				2BF1B5A21DCF5E0500817251 /* Products */,
				E0C5029CCC61F8A6DFE8C6AC /* Pods */,
				E36051652F42B0EE2D8581E5 /* Frameworks */,
			);
			sourceTree = "<group>";
		};
		2BF1B5A21DCF5E0500817251 /* Products */ = {
			isa = PBXGroup;
			children = (
				2BF1B5A11DCF5E0500817251 /* SeeBeauty.app */,
			);
			name = Products;
			sourceTree = "<group>";
		};
		2BF1B5A31DCF5E0500817251 /* SeeBeauty */ = {
			isa = PBXGroup;
			children = (
				2B2EEDFB1DD0A6F800951EFA /* LBCollectionViewController.swift */,
				2B2EEDFD1DD0A71000951EFA /* LBCollectionViewCell.swift */,
				2B2EEDFF1DD0A77F00951EFA /* LBCollectionViewFlowLayout.swift */,
				2B2EEE031DD0AC0800951EFA /* LBImage.swift */,
				2B2EEE011DD0A86300951EFA /* LBCommon.swift */,
				2B2EEE051DD0B90A00951EFA /* Bridging-Header.h */,
				2BF1B5A41DCF5E0500817251 /* AppDelegate.swift */,
				2BF1B5A81DCF5E0500817251 /* Main.storyboard */,
				2BF1B5AB1DCF5E0500817251 /* Assets.xcassets */,
				2BF1B5AD1DCF5E0500817251 /* LaunchScreen.storyboard */,
				2BF1B5B01DCF5E0500817251 /* Info.plist */,
			);
			path = SeeBeauty;
			sourceTree = "<group>";
		};
		E0C5029CCC61F8A6DFE8C6AC /* Pods */ = {
			isa = PBXGroup;
			children = (
				F5980B53A30DFD1E465441A9 /* Pods-SeeBeauty.debug.xcconfig */,
				B5559F801CA56FEC84FF0B6F /* Pods-SeeBeauty.release.xcconfig */,
			);
			name = Pods;
			sourceTree = "<group>";
		};
		E36051652F42B0EE2D8581E5 /* Frameworks */ = {
			isa = PBXGroup;
			children = (
				2BF1B5B81DCF623500817251 /* Alamofire.framework */,
				2BF1B5B61DCF61B000817251 /* Kingfisher.framework */,
				4EF849B1FF83E349CAE7E14E /* Pods_SeeBeauty.framework */,
			);
			name = Frameworks;
			sourceTree = "<group>";
		};
/* End PBXGroup section */

/* Begin PBXNativeTarget section */
		2BF1B5A01DCF5E0500817251 /* SeeBeauty */ = {
			isa = PBXNativeTarget;
			buildConfigurationList = 2BF1B5B31DCF5E0500817251 /* Build configuration list for PBXNativeTarget "SeeBeauty" */;
			buildPhases = (
				E4BEA49CC038565C421ABD85 /* [CP] Check Pods Manifest.lock */,
				2BF1B59D1DCF5E0500817251 /* Sources */,
				2BF1B59E1DCF5E0500817251 /* Frameworks */,
				2BF1B59F1DCF5E0500817251 /* Resources */,
				121162D0E229D4047A69A586 /* [CP] Embed Pods Frameworks */,
				98EE90D44819FE3F033987BB /* [CP] Copy Pods Resources */,
			);
			buildRules = (
			);
			dependencies = (
			);
			name = SeeBeauty;
			productName = SeeBeauty;
			productReference = 2BF1B5A11DCF5E0500817251 /* SeeBeauty.app */;
			productType = "com.apple.product-type.application";
		};
/* End PBXNativeTarget section */

/* Begin PBXProject section */
		2BF1B5991DCF5E0500817251 /* Project object */ = {
			isa = PBXProject;
			attributes = {
				CLASSPREFIX = LB;
				LastSwiftUpdateCheck = 0800;
				LastUpgradeCheck = 0800;
				ORGANIZATIONNAME = LB;
				TargetAttributes = {
					2BF1B5A01DCF5E0500817251 = {
						CreatedOnToolsVersion = 8.0;
						DevelopmentTeam = EA2V7RMSRK;
						ProvisioningStyle = Automatic;
					};
				};
			};
			buildConfigurationList = 2BF1B59C1DCF5E0500817251 /* Build configuration list for PBXProject "SeeBeauty" */;
			compatibilityVersion = "Xcode 3.2";
			developmentRegion = English;
			hasScannedForEncodings = 0;
			knownRegions = (
				en,
				Base,
			);
			mainGroup = 2BF1B5981DCF5E0500817251;
			productRefGroup = 2BF1B5A21DCF5E0500817251 /* Products */;
			projectDirPath = "";
			projectRoot = "";
			targets = (
				2BF1B5A01DCF5E0500817251 /* SeeBeauty */,
			);
		};
/* End PBXProject section */

/* Begin PBXResourcesBuildPhase section */
		2BF1B59F1DCF5E0500817251 /* Resources */ = {
			isa = PBXResourcesBuildPhase;
			buildActionMask = 2147483647;
			files = (
				2BF1B5AF1DCF5E0500817251 /* LaunchScreen.storyboard in Resources */,
				2BF1B5AC1DCF5E0500817251 /* Assets.xcassets in Resources */,
				2BF1B5AA1DCF5E0500817251 /* Main.storyboard in Resources */,
			);
			runOnlyForDeploymentPostprocessing = 0;
		};
/* End PBXResourcesBuildPhase section */

/* Begin PBXShellScriptBuildPhase section */
		121162D0E229D4047A69A586 /* [CP] Embed Pods Frameworks */ = {
			isa = PBXShellScriptBuildPhase;
			buildActionMask = 2147483647;
			files = (
			);
			inputPaths = (
			);
			name = "[CP] Embed Pods Frameworks";
			outputPaths = (
			);
			runOnlyForDeploymentPostprocessing = 0;
			shellPath = /bin/sh;
			shellScript = "\"${SRCROOT}/Pods/Target Support Files/Pods-SeeBeauty/Pods-SeeBeauty-frameworks.sh\"\n";
			showEnvVarsInLog = 0;
		};
		98EE90D44819FE3F033987BB /* [CP] Copy Pods Resources */ = {
			isa = PBXShellScriptBuildPhase;
			buildActionMask = 2147483647;
			files = (
			);
			inputPaths = (
			);
			name = "[CP] Copy Pods Resources";
			outputPaths = (
			);
			runOnlyForDeploymentPostprocessing = 0;
			shellPath = /bin/sh;
			shellScript = "\"${SRCROOT}/Pods/Target Support Files/Pods-SeeBeauty/Pods-SeeBeauty-resources.sh\"\n";
			showEnvVarsInLog = 0;
		};
		E4BEA49CC038565C421ABD85 /* [CP] Check Pods Manifest.lock */ = {
			isa = PBXShellScriptBuildPhase;
			buildActionMask = 2147483647;
			files = (
			);
			inputPaths = (
			);
			name = "[CP] Check Pods Manifest.lock";
			outputPaths = (
			);
			runOnlyForDeploymentPostprocessing = 0;
			shellPath = /bin/sh;
			shellScript = "diff \"${PODS_ROOT}/../Podfile.lock\" \"${PODS_ROOT}/Manifest.lock\" > /dev/null\nif [[ $? != 0 ]] ; then\n    cat << EOM\nerror: The sandbox is not in sync with the Podfile.lock. Run 'pod install' or update your CocoaPods installation.\nEOM\n    exit 1\nfi\n";
			showEnvVarsInLog = 0;
		};
/* End PBXShellScriptBuildPhase section */

/* Begin PBXSourcesBuildPhase section */
		2BF1B59D1DCF5E0500817251 /* Sources */ = {
			isa = PBXSourcesBuildPhase;
			buildActionMask = 2147483647;
			files = (
				2B2EEE001DD0A77F00951EFA /* LBCollectionViewFlowLayout.swift in Sources */,
				2B2EEDFE1DD0A71000951EFA /* LBCollectionViewCell.swift in Sources */,
				2B2EEDFC1DD0A6F800951EFA /* LBCollectionViewController.swift in Sources */,
				2B2EEE021DD0A86300951EFA /* LBCommon.swift in Sources */,
				2BF1B5A51DCF5E0500817251 /* AppDelegate.swift in Sources */,
				2B2EEE041DD0AC0800951EFA /* LBImage.swift in Sources */,
			);
			runOnlyForDeploymentPostprocessing = 0;
		};
/* End PBXSourcesBuildPhase section */

/* Begin PBXVariantGroup section */
		2BF1B5A81DCF5E0500817251 /* Main.storyboard */ = {
			isa = PBXVariantGroup;
			children = (
				2BF1B5A91DCF5E0500817251 /* Base */,
			);
			name = Main.storyboard;
			sourceTree = "<group>";
		};
		2BF1B5AD1DCF5E0500817251 /* LaunchScreen.storyboard */ = {
			isa = PBXVariantGroup;
			children = (
				2BF1B5AE1DCF5E0500817251 /* Base */,
			);
			name = LaunchScreen.storyboard;
			sourceTree = "<group>";
		};
/* End PBXVariantGroup section */

/* Begin XCBuildConfiguration section */
		2BF1B5B11DCF5E0500817251 /* Debug */ = {
			isa = XCBuildConfiguration;
			buildSettings = {
				ALWAYS_SEARCH_USER_PATHS = NO;
				CLANG_ANALYZER_NONNULL = YES;
				CLANG_CXX_LANGUAGE_STANDARD = "gnu++0x";
				CLANG_CXX_LIBRARY = "libc++";
				CLANG_ENABLE_MODULES = YES;
				CLANG_ENABLE_OBJC_ARC = YES;
				CLANG_WARN_BOOL_CONVERSION = YES;
				CLANG_WARN_CONSTANT_CONVERSION = YES;
				CLANG_WARN_DIRECT_OBJC_ISA_USAGE = YES_ERROR;
				CLANG_WARN_DOCUMENTATION_COMMENTS = YES;
				CLANG_WARN_EMPTY_BODY = YES;
				CLANG_WARN_ENUM_CONVERSION = YES;
				CLANG_WARN_INFINITE_RECURSION = YES;
				CLANG_WARN_INT_CONVERSION = YES;
				CLANG_WARN_OBJC_ROOT_CLASS = YES_ERROR;
				CLANG_WARN_SUSPICIOUS_MOVES = YES;
				CLANG_WARN_UNREACHABLE_CODE = YES;
				CLANG_WARN__DUPLICATE_METHOD_MATCH = YES;
				"CODE_SIGN_IDENTITY[sdk=iphoneos*]" = "iPhone Developer";
				COPY_PHASE_STRIP = NO;
				DEBUG_INFORMATION_FORMAT = dwarf;
				ENABLE_STRICT_OBJC_MSGSEND = YES;
				ENABLE_TESTABILITY = YES;
				GCC_C_LANGUAGE_STANDARD = gnu99;
				GCC_DYNAMIC_NO_PIC = NO;
				GCC_NO_COMMON_BLOCKS = YES;
				GCC_OPTIMIZATION_LEVEL = 0;
				GCC_PREPROCESSOR_DEFINITIONS = (
					"DEBUG=1",
					"$(inherited)",
				);
				GCC_WARN_64_TO_32_BIT_CONVERSION = YES;
				GCC_WARN_ABOUT_RETURN_TYPE = YES_ERROR;
				GCC_WARN_UNDECLARED_SELECTOR = YES;
				GCC_WARN_UNINITIALIZED_AUTOS = YES_AGGRESSIVE;
				GCC_WARN_UNUSED_FUNCTION = YES;
				GCC_WARN_UNUSED_VARIABLE = YES;
				IPHONEOS_DEPLOYMENT_TARGET = 10.0;
				MTL_ENABLE_DEBUG_INFO = YES;
				ONLY_ACTIVE_ARCH = YES;
				SDKROOT = iphoneos;
				SWIFT_ACTIVE_COMPILATION_CONDITIONS = DEBUG;
				SWIFT_OPTIMIZATION_LEVEL = "-Onone";
			};
			name = Debug;
		};
		2BF1B5B21DCF5E0500817251 /* Release */ = {
			isa = XCBuildConfiguration;
			buildSettings = {
				ALWAYS_SEARCH_USER_PATHS = NO;
				CLANG_ANALYZER_NONNULL = YES;
				CLANG_CXX_LANGUAGE_STANDARD = "gnu++0x";
				CLANG_CXX_LIBRARY = "libc++";
				CLANG_ENABLE_MODULES = YES;
				CLANG_ENABLE_OBJC_ARC = YES;
				CLANG_WARN_BOOL_CONVERSION = YES;
				CLANG_WARN_CONSTANT_CONVERSION = YES;
				CLANG_WARN_DIRECT_OBJC_ISA_USAGE = YES_ERROR;
				CLANG_WARN_DOCUMENTATION_COMMENTS = YES;
				CLANG_WARN_EMPTY_BODY = YES;
				CLANG_WARN_ENUM_CONVERSION = YES;
				CLANG_WARN_INFINITE_RECURSION = YES;
				CLANG_WARN_INT_CONVERSION = YES;
				CLANG_WARN_OBJC_ROOT_CLASS = YES_ERROR;
				CLANG_WARN_SUSPICIOUS_MOVES = YES;
				CLANG_WARN_UNREACHABLE_CODE = YES;
				CLANG_WARN__DUPLICATE_METHOD_MATCH = YES;
				"CODE_SIGN_IDENTITY[sdk=iphoneos*]" = "iPhone Developer";
				COPY_PHASE_STRIP = NO;
				DEBUG_INFORMATION_FORMAT = "dwarf-with-dsym";
				ENABLE_NS_ASSERTIONS = NO;
				ENABLE_STRICT_OBJC_MSGSEND = YES;
				GCC_C_LANGUAGE_STANDARD = gnu99;
				GCC_NO_COMMON_BLOCKS = YES;
				GCC_WARN_64_TO_32_BIT_CONVERSION = YES;
				GCC_WARN_ABOUT_RETURN_TYPE = YES_ERROR;
				GCC_WARN_UNDECLARED_SELECTOR = YES;
				GCC_WARN_UNINITIALIZED_AUTOS = YES_AGGRESSIVE;
				GCC_WARN_UNUSED_FUNCTION = YES;
				GCC_WARN_UNUSED_VARIABLE = YES;
				IPHONEOS_DEPLOYMENT_TARGET = 10.0;
				MTL_ENABLE_DEBUG_INFO = NO;
				SDKROOT = iphoneos;
				SWIFT_OPTIMIZATION_LEVEL = "-Owholemodule";
				VALIDATE_PRODUCT = YES;
			};
			name = Release;
		};
		2BF1B5B41DCF5E0500817251 /* Debug */ = {
			isa = XCBuildConfiguration;
			baseConfigurationReference = F5980B53A30DFD1E465441A9 /* Pods-SeeBeauty.debug.xcconfig */;
			buildSettings = {
				ASSETCATALOG_COMPILER_APPICON_NAME = AppIcon;
				DEVELOPMENT_TEAM = EA2V7RMSRK;
				INFOPLIST_FILE = SeeBeauty/Info.plist;
				IPHONEOS_DEPLOYMENT_TARGET = 10.0;
				LD_RUNPATH_SEARCH_PATHS = "$(inherited) @executable_path/Frameworks";
				PRODUCT_BUNDLE_IDENTIFIER = com.itn.SeeBeauty;
				PRODUCT_NAME = "$(TARGET_NAME)";
				SWIFT_OBJC_BRIDGING_HEADER = "SeeBeauty/Bridging-Header.h";
				SWIFT_VERSION = 3.0;
			};
			name = Debug;
		};
		2BF1B5B51DCF5E0500817251 /* Release */ = {
			isa = XCBuildConfiguration;
			baseConfigurationReference = B5559F801CA56FEC84FF0B6F /* Pods-SeeBeauty.release.xcconfig */;
			buildSettings = {
				ASSETCATALOG_COMPILER_APPICON_NAME = AppIcon;
				DEVELOPMENT_TEAM = EA2V7RMSRK;
				INFOPLIST_FILE = SeeBeauty/Info.plist;
				IPHONEOS_DEPLOYMENT_TARGET = 10.0;
				LD_RUNPATH_SEARCH_PATHS = "$(inherited) @executable_path/Frameworks";
				PRODUCT_BUNDLE_IDENTIFIER = com.itn.SeeBeauty;
				PRODUCT_NAME = "$(TARGET_NAME)";
				SWIFT_OBJC_BRIDGING_HEADER = "SeeBeauty/Bridging-Header.h";
				SWIFT_VERSION = 3.0;
			};
			name = Release;
		};
/* End XCBuildConfiguration section */

/* Begin XCConfigurationList section */
		2BF1B59C1DCF5E0500817251 /* Build configuration list for PBXProject "SeeBeauty" */ = {
			isa = XCConfigurationList;
			buildConfigurations = (
				2BF1B5B11DCF5E0500817251 /* Debug */,
				2BF1B5B21DCF5E0500817251 /* Release */,
			);
			defaultConfigurationIsVisible = 0;
			defaultConfigurationName = Release;
		};
		2BF1B5B31DCF5E0500817251 /* Build configuration list for PBXNativeTarget "SeeBeauty" */ = {
			isa = XCConfigurationList;
			buildConfigurations = (
				2BF1B5B41DCF5E0500817251 /* Debug */,
				2BF1B5B51DCF5E0500817251 /* Release */,
			);
			defaultConfigurationIsVisible = 0;
			defaultConfigurationName = Release;
		};
/* End XCConfigurationList section */
	};
	rootObject = 2BF1B5991DCF5E0500817251 /* Project object */;
}
