PODS:
  - Alamofire (3.5.0)
  - Kingfisher (3.1.0)
  - MJExtension (3.0.13)
  - MJRefresh (3.1.12)

DEPENDENCIES:
  - Alamofire
  - Kingfisher
  - MJExtension
  - MJRefresh

SPEC CHECKSUMS:
  Alamofire: b70a7352335f8ea5babd0a923eb7e8eacc67b877
  Kingfisher: 7779f22e977393e9533a89a9685beb8f679d3767
  MJExtension: 5932755f451458eefa24239358817f8d291240c7
  MJRefresh: b96cdb21c4aa75a7b07654311ab2f315c497e806

PODFILE CHECKSUM: be0e1b8141355bc3dc193add3ea1062e0bcb7300

COCOAPODS: 1.0.1
